
Microsoft Visual Studio Solution File, Format Version 12.00
# Visual Studio Version 17
VisualStudioVersion = 17.2.32616.157
MinimumVisualStudioVersion = 10.0.40219.1
Project("{FAE04EC0-301F-11D3-BF4B-00C04F79EFBC}") = "RedisDemo", "RedisDemo\RedisDemo.csproj", "{1D20AEAC-6221-4497-9193-EA4ACDF7B0D5}"
EndProject
Global
	GlobalSection(SolutionConfigurationPlatforms) = preSolution
		Debug|Any CPU = Debug|Any CPU
		Release|Any CPU = Release|Any CPU
	EndGlobalSection
	GlobalSection(ProjectConfigurationPlatforms) = postSolution
		{1D20AEAC-6221-4497-9193-EA4ACDF7B0D5}.Debug|Any CPU.ActiveCfg = Debug|Any CPU
		{1D20AEAC-6221-4497-9193-EA4ACDF7B0D5}.Debug|Any CPU.Build.0 = Debug|Any CPU
		{1D20AEAC-6221-4497-9193-EA4ACDF7B0D5}.Release|Any CPU.ActiveCfg = Release|Any CPU
		{1D20AEAC-6221-4497-9193-EA4ACDF7B0D5}.Release|Any CPU.Build.0 = Release|Any CPU
	EndGlobalSection
	GlobalSection(SolutionProperties) = preSolution
		HideSolutionNode = FALSE
	EndGlobalSection
	GlobalSection(ExtensibilityGlobals) = postSolution
		SolutionGuid = {5F069BBF-D347-4BE8-9935-4DDF8065C413}
	EndGlobalSection
EndGlobal
